# THIS IS AN AUTOGENERATED FILE. DO NOT EDIT THIS FILE DIRECTLY.
assets/style.scss:
  development: 2018-06-22T11:49:05-04:00   74f456004e0984539ab3199e61dd6531
assets/theme.js:
  development: 2018-06-22T11:49:51-04:00   553d33d4ab2d23ee3508ff8a5a8c4d1b
config/settings_data.json:
  development: 2018-06-22T10:08:39-04:00   99914b932bd37a50b983c5e7c90ae93b
config/settings_schema.json:
  development: 2018-06-29T14:12:36-04:00   0174f7f11cb5aaca04083da26fd81e6a
layout/theme.liquid:
  development: 2018-06-22T15:07:36-04:00   6149d85ac0e40ecd86a00305c1bc1a12
sections/header.liquid:
  development: 2018-06-22T15:15:20-04:00   a03fe635605cbd77f1265b05ef661cfa
sections/homepage-carousel.liquid:
  development: 2018-06-29T15:02:36-04:00   9eb67cfbad2796cdac5046f4be8ca5dc
sections/product-category-banners.liquid:
  development: 2018-06-29T16:15:06-04:00   8637c3fa58973ff70ea56d6e5422725f
snippets/menu.liquid:
  development: 2018-06-22T16:55:00-04:00   c6e36b38238f36fab3b8eb3b51596eaf
snippets/page-header.liquid:
  development: 2018-06-22T17:18:16-04:00   c876c1f5087419687027d727976dad3d
templates/404.liquid:
  development: 2018-06-22T10:08:38-04:00   153e2e400162f1ffc97dba4700b0d62b
templates/article.liquid:
  development: 2018-06-22T10:08:38-04:00
templates/blog.liquid:
  development: 2018-06-22T10:08:38-04:00
templates/cart.liquid:
  development: 2018-06-22T10:08:38-04:00
templates/collection.liquid:
  development: 2018-06-22T10:08:38-04:00
templates/index.liquid:
  development: 2018-06-29T15:53:44-04:00   d2dc5ef02c62bf78d923f45b99c885f0
templates/list-collections.liquid:
  development: 2018-06-22T10:08:39-04:00
templates/page.about.liquid:
  development: 2018-06-29T12:23:02-04:00   aa404c17dc2ec085995803e21bcacf31
templates/page.contact.liquid:
  development: 2018-06-29T14:53:11-04:00   e52e6941cd9294a4dff1259d58d11952
templates/page.liquid:
  development: 2018-06-29T11:31:38-04:00   86ca35d02fe0c0784998575862f94bdb
templates/password.liquid:
  development: 2018-06-22T10:08:39-04:00
templates/product.liquid:
  development: 2018-06-22T10:08:39-04:00
templates/search.liquid:
  development: 2018-06-22T10:08:39-04:00
